
Microsoft Visual Studio Solution File, Format Version 12.00
# Visual Studio 15
VisualStudioVersion = 15.0.27004.2009
MinimumVisualStudioVersion = 10.0.40219.1
Project("{FAE04EC0-301F-11D3-BF4B-00C04F79EFBC}") = "BaseLibExt", "BaseLibExt\BaseLibExt.csproj", "{45B2BEA2-84E1-469E-A125-8A1DA32EE319}"
EndProject
Project("{FAE04EC0-301F-11D3-BF4B-00C04F79EFBC}") = "BaseLibExt.Test", "BaseLibExt.Test\BaseLibExt.Test.csproj", "{2803BA8E-CF07-4BE1-B459-66841F06EF43}"
EndProject
Global
	GlobalSection(SolutionConfigurationPlatforms) = preSolution
		Debug|Any CPU = Debug|Any CPU
		Release|Any CPU = Release|Any CPU
	EndGlobalSection
	GlobalSection(ProjectConfigurationPlatforms) = postSolution
		{45B2BEA2-84E1-469E-A125-8A1DA32EE319}.Debug|Any CPU.ActiveCfg = Debug|Any CPU
		{45B2BEA2-84E1-469E-A125-8A1DA32EE319}.Debug|Any CPU.Build.0 = Debug|Any CPU
		{45B2BEA2-84E1-469E-A125-8A1DA32EE319}.Release|Any CPU.ActiveCfg = Release|Any CPU
		{45B2BEA2-84E1-469E-A125-8A1DA32EE319}.Release|Any CPU.Build.0 = Release|Any CPU
		{2803BA8E-CF07-4BE1-B459-66841F06EF43}.Debug|Any CPU.ActiveCfg = Debug|Any CPU
		{2803BA8E-CF07-4BE1-B459-66841F06EF43}.Debug|Any CPU.Build.0 = Debug|Any CPU
		{2803BA8E-CF07-4BE1-B459-66841F06EF43}.Release|Any CPU.ActiveCfg = Release|Any CPU
		{2803BA8E-CF07-4BE1-B459-66841F06EF43}.Release|Any CPU.Build.0 = Release|Any CPU
	EndGlobalSection
	GlobalSection(SolutionProperties) = preSolution
		HideSolutionNode = FALSE
	EndGlobalSection
	GlobalSection(ExtensibilityGlobals) = postSolution
		SolutionGuid = {E2AAB9CA-FFA3-4393-83FD-B72CF1BF3930}
	EndGlobalSection
EndGlobal
